// !$*UTF8*$!
{
	archiveVersion = 1;
	classes = {
	};
	objectVersion = 55;
	objects = {

/* Begin PBXBuildFile section */
		B58558FA27CD5A25000C3A35 /* AppDelegate.swift in Sources */ = {isa = PBXBuildFile; fileRef = B58558F927CD5A25000C3A35 /* AppDelegate.swift */; };
		B58558FC27CD5A25000C3A35 /* SceneDelegate.swift in Sources */ = {isa = PBXBuildFile; fileRef = B58558FB27CD5A25000C3A35 /* SceneDelegate.swift */; };
		B585590127CD5A25000C3A35 /* Main.storyboard in Resources */ = {isa = PBXBuildFile; fileRef = B58558FF27CD5A25000C3A35 /* Main.storyboard */; };
		B585590327CD5A27000C3A35 /* Assets.xcassets in Resources */ = {isa = PBXBuildFile; fileRef = B585590227CD5A27000C3A35 /* Assets.xcassets */; };
		B585590627CD5A27000C3A35 /* LaunchScreen.storyboard in Resources */ = {isa = PBXBuildFile; fileRef = B585590427CD5A27000C3A35 /* LaunchScreen.storyboard */; };
		B585591727CD6E1D000C3A35 /* AlarmCoreData.xcdatamodeld in Sources */ = {isa = PBXBuildFile; fileRef = B585591527CD6E1D000C3A35 /* AlarmCoreData.xcdatamodeld */; };
		B585591927CD6E44000C3A35 /* Alarm+Convenience.swift in Sources */ = {isa = PBXBuildFile; fileRef = B585591827CD6E44000C3A35 /* Alarm+Convenience.swift */; };
		B585591D27CD6ECC000C3A35 /* AlarmController.swift in Sources */ = {isa = PBXBuildFile; fileRef = B585591C27CD6ECC000C3A35 /* AlarmController.swift */; };
		B585591F27CD6F30000C3A35 /* AlarmListTableViewController.swift in Sources */ = {isa = PBXBuildFile; fileRef = B585591E27CD6F30000C3A35 /* AlarmListTableViewController.swift */; };
		B585592127CD6F62000C3A35 /* AlarmDetailTableViewController.swift in Sources */ = {isa = PBXBuildFile; fileRef = B585592027CD6F62000C3A35 /* AlarmDetailTableViewController.swift */; };
		B585592327CD6FAA000C3A35 /* AlarmTableViewCell.swift in Sources */ = {isa = PBXBuildFile; fileRef = B585592227CD6FAA000C3A35 /* AlarmTableViewCell.swift */; };
		B585592627CD6FE4000C3A35 /* CoreDataStack.swift in Sources */ = {isa = PBXBuildFile; fileRef = B585592527CD6FE4000C3A35 /* CoreDataStack.swift */; };
		B585592827CD6FF2000C3A35 /* DataHelper.swift in Sources */ = {isa = PBXBuildFile; fileRef = B585592727CD6FF2000C3A35 /* DataHelper.swift */; };
		B585592A27CD703A000C3A35 /* AlarmScheduler.swift in Sources */ = {isa = PBXBuildFile; fileRef = B585592927CD703A000C3A35 /* AlarmScheduler.swift */; };
/* End PBXBuildFile section */

/* Begin PBXFileReference section */
		B58558F627CD5A25000C3A35 /* AlarmApp.app */ = {isa = PBXFileReference; explicitFileType = wrapper.application; includeInIndex = 0; path = AlarmApp.app; sourceTree = BUILT_PRODUCTS_DIR; };
		B58558F927CD5A25000C3A35 /* AppDelegate.swift */ = {isa = PBXFileReference; lastKnownFileType = sourcecode.swift; path = AppDelegate.swift; sourceTree = "<group>"; };
		B58558FB27CD5A25000C3A35 /* SceneDelegate.swift */ = {isa = PBXFileReference; lastKnownFileType = sourcecode.swift; path = SceneDelegate.swift; sourceTree = "<group>"; };
		B585590027CD5A25000C3A35 /* Base */ = {isa = PBXFileReference; lastKnownFileType = file.storyboard; name = Base; path = Base.lproj/Main.storyboard; sourceTree = "<group>"; };
		B585590227CD5A27000C3A35 /* Assets.xcassets */ = {isa = PBXFileReference; lastKnownFileType = folder.assetcatalog; path = Assets.xcassets; sourceTree = "<group>"; };
		B585590527CD5A27000C3A35 /* Base */ = {isa = PBXFileReference; lastKnownFileType = file.storyboard; name = Base; path = Base.lproj/LaunchScreen.storyboard; sourceTree = "<group>"; };
		B585590727CD5A27000C3A35 /* Info.plist */ = {isa = PBXFileReference; lastKnownFileType = text.plist.xml; path = Info.plist; sourceTree = "<group>"; };
		B585591627CD6E1D000C3A35 /* AlarmCoreData.xcdatamodel */ = {isa = PBXFileReference; lastKnownFileType = wrapper.xcdatamodel; path = AlarmCoreData.xcdatamodel; sourceTree = "<group>"; };
		B585591827CD6E44000C3A35 /* Alarm+Convenience.swift */ = {isa = PBXFileReference; lastKnownFileType = sourcecode.swift; path = "Alarm+Convenience.swift"; sourceTree = "<group>"; };
		B585591C27CD6ECC000C3A35 /* AlarmController.swift */ = {isa = PBXFileReference; lastKnownFileType = sourcecode.swift; path = AlarmController.swift; sourceTree = "<group>"; };
		B585591E27CD6F30000C3A35 /* AlarmListTableViewController.swift */ = {isa = PBXFileReference; lastKnownFileType = sourcecode.swift; path = AlarmListTableViewController.swift; sourceTree = "<group>"; };
		B585592027CD6F62000C3A35 /* AlarmDetailTableViewController.swift */ = {isa = PBXFileReference; lastKnownFileType = sourcecode.swift; path = AlarmDetailTableViewController.swift; sourceTree = "<group>"; };
		B585592227CD6FAA000C3A35 /* AlarmTableViewCell.swift */ = {isa = PBXFileReference; lastKnownFileType = sourcecode.swift; path = AlarmTableViewCell.swift; sourceTree = "<group>"; };
		B585592527CD6FE4000C3A35 /* CoreDataStack.swift */ = {isa = PBXFileReference; lastKnownFileType = sourcecode.swift; path = CoreDataStack.swift; sourceTree = "<group>"; };
		B585592727CD6FF2000C3A35 /* DataHelper.swift */ = {isa = PBXFileReference; lastKnownFileType = sourcecode.swift; path = DataHelper.swift; sourceTree = "<group>"; };
		B585592927CD703A000C3A35 /* AlarmScheduler.swift */ = {isa = PBXFileReference; lastKnownFileType = sourcecode.swift; path = AlarmScheduler.swift; sourceTree = "<group>"; };
/* End PBXFileReference section */

/* Begin PBXFrameworksBuildPhase section */
		B58558F327CD5A25000C3A35 /* Frameworks */ = {
			isa = PBXFrameworksBuildPhase;
			buildActionMask = 2147483647;
			files = (
			);
			runOnlyForDeploymentPostprocessing = 0;
		};
/* End PBXFrameworksBuildPhase section */

/* Begin PBXGroup section */
		B58558ED27CD5A25000C3A35 = {
			isa = PBXGroup;
			children = (
				B58558F827CD5A25000C3A35 /* AlarmApp */,
				B58558F727CD5A25000C3A35 /* Products */,
			);
			sourceTree = "<group>";
		};
		B58558F727CD5A25000C3A35 /* Products */ = {
			isa = PBXGroup;
			children = (
				B58558F627CD5A25000C3A35 /* AlarmApp.app */,
			);
			name = Products;
			sourceTree = "<group>";
		};
		B58558F827CD5A25000C3A35 /* AlarmApp */ = {
			isa = PBXGroup;
			children = (
				B585591427CD6DF3000C3A35 /* Model */,
				B585591A27CD6E84000C3A35 /* Controllers */,
				B585591127CD6DD2000C3A35 /* Helper Files */,
				B585590E27CD5AE8000C3A35 /* Storyboards */,
				B585590D27CD5A8E000C3A35 /* Resources */,
			);
			path = AlarmApp;
			sourceTree = "<group>";
		};
		B585590D27CD5A8E000C3A35 /* Resources */ = {
			isa = PBXGroup;
			children = (
				B585590227CD5A27000C3A35 /* Assets.xcassets */,
				B58558FB27CD5A25000C3A35 /* SceneDelegate.swift */,
				B58558F927CD5A25000C3A35 /* AppDelegate.swift */,
				B585590727CD5A27000C3A35 /* Info.plist */,
			);
			path = Resources;
			sourceTree = "<group>";
		};
		B585590E27CD5AE8000C3A35 /* Storyboards */ = {
			isa = PBXGroup;
			children = (
				B58558FF27CD5A25000C3A35 /* Main.storyboard */,
				B585590427CD5A27000C3A35 /* LaunchScreen.storyboard */,
			);
			path = Storyboards;
			sourceTree = "<group>";
		};
		B585591127CD6DD2000C3A35 /* Helper Files */ = {
			isa = PBXGroup;
			children = (
				B585592527CD6FE4000C3A35 /* CoreDataStack.swift */,
				B585592727CD6FF2000C3A35 /* DataHelper.swift */,
				B585592427CD6FCD000C3A35 /* Custom Protocols */,
			);
			path = "Helper Files";
			sourceTree = "<group>";
		};
		B585591227CD6DDD000C3A35 /* View Controllers */ = {
			isa = PBXGroup;
			children = (
				B585591E27CD6F30000C3A35 /* AlarmListTableViewController.swift */,
				B585592027CD6F62000C3A35 /* AlarmDetailTableViewController.swift */,
			);
			path = "View Controllers";
			sourceTree = "<group>";
		};
		B585591327CD6DE9000C3A35 /* Model Controller */ = {
			isa = PBXGroup;
			children = (
				B585591C27CD6ECC000C3A35 /* AlarmController.swift */,
			);
			path = "Model Controller";
			sourceTree = "<group>";
		};
		B585591427CD6DF3000C3A35 /* Model */ = {
			isa = PBXGroup;
			children = (
				B585591527CD6E1D000C3A35 /* AlarmCoreData.xcdatamodeld */,
				B585591827CD6E44000C3A35 /* Alarm+Convenience.swift */,
			);
			path = Model;
			sourceTree = "<group>";
		};
		B585591A27CD6E84000C3A35 /* Controllers */ = {
			isa = PBXGroup;
			children = (
				B585591B27CD6E98000C3A35 /* Custom Cells */,
				B585591227CD6DDD000C3A35 /* View Controllers */,
				B585591327CD6DE9000C3A35 /* Model Controller */,
			);
			path = Controllers;
			sourceTree = "<group>";
		};
		B585591B27CD6E98000C3A35 /* Custom Cells */ = {
			isa = PBXGroup;
			children = (
				B585592227CD6FAA000C3A35 /* AlarmTableViewCell.swift */,
			);
			path = "Custom Cells";
			sourceTree = "<group>";
		};
		B585592427CD6FCD000C3A35 /* Custom Protocols */ = {
			isa = PBXGroup;
			children = (
				B585592927CD703A000C3A35 /* AlarmScheduler.swift */,
			);
			path = "Custom Protocols";
			sourceTree = "<group>";
		};
/* End PBXGroup section */

/* Begin PBXNativeTarget section */
		B58558F527CD5A25000C3A35 /* AlarmApp */ = {
			isa = PBXNativeTarget;
			buildConfigurationList = B585590A27CD5A27000C3A35 /* Build configuration list for PBXNativeTarget "AlarmApp" */;
			buildPhases = (
				B58558F227CD5A25000C3A35 /* Sources */,
				B58558F327CD5A25000C3A35 /* Frameworks */,
				B58558F427CD5A25000C3A35 /* Resources */,
			);
			buildRules = (
			);
			dependencies = (
			);
			name = AlarmApp;
			productName = AlarmApp;
			productReference = B58558F627CD5A25000C3A35 /* AlarmApp.app */;
			productType = "com.apple.product-type.application";
		};
/* End PBXNativeTarget section */

/* Begin PBXProject section */
		B58558EE27CD5A25000C3A35 /* Project object */ = {
			isa = PBXProject;
			attributes = {
				BuildIndependentTargetsInParallel = 1;
				LastSwiftUpdateCheck = 1320;
				LastUpgradeCheck = 1320;
				TargetAttributes = {
					B58558F527CD5A25000C3A35 = {
						CreatedOnToolsVersion = 13.2.1;
					};
				};
			};
			buildConfigurationList = B58558F127CD5A25000C3A35 /* Build configuration list for PBXProject "AlarmApp" */;
			compatibilityVersion = "Xcode 13.0";
			developmentRegion = en;
			hasScannedForEncodings = 0;
			knownRegions = (
				en,
				Base,
			);
			mainGroup = B58558ED27CD5A25000C3A35;
			productRefGroup = B58558F727CD5A25000C3A35 /* Products */;
			projectDirPath = "";
			projectRoot = "";
			targets = (
				B58558F527CD5A25000C3A35 /* AlarmApp */,
			);
		};
/* End PBXProject section */

/* Begin PBXResourcesBuildPhase section */
		B58558F427CD5A25000C3A35 /* Resources */ = {
			isa = PBXResourcesBuildPhase;
			buildActionMask = 2147483647;
			files = (
				B585590627CD5A27000C3A35 /* LaunchScreen.storyboard in Resources */,
				B585590327CD5A27000C3A35 /* Assets.xcassets in Resources */,
				B585590127CD5A25000C3A35 /* Main.storyboard in Resources */,
			);
			runOnlyForDeploymentPostprocessing = 0;
		};
/* End PBXResourcesBuildPhase section */

/* Begin PBXSourcesBuildPhase section */
		B58558F227CD5A25000C3A35 /* Sources */ = {
			isa = PBXSourcesBuildPhase;
			buildActionMask = 2147483647;
			files = (
				B585591727CD6E1D000C3A35 /* AlarmCoreData.xcdatamodeld in Sources */,
				B585591F27CD6F30000C3A35 /* AlarmListTableViewController.swift in Sources */,
				B585591D27CD6ECC000C3A35 /* AlarmController.swift in Sources */,
				B585592627CD6FE4000C3A35 /* CoreDataStack.swift in Sources */,
				B585592327CD6FAA000C3A35 /* AlarmTableViewCell.swift in Sources */,
				B585592A27CD703A000C3A35 /* AlarmScheduler.swift in Sources */,
				B585592127CD6F62000C3A35 /* AlarmDetailTableViewController.swift in Sources */,
				B58558FA27CD5A25000C3A35 /* AppDelegate.swift in Sources */,
				B58558FC27CD5A25000C3A35 /* SceneDelegate.swift in Sources */,
				B585591927CD6E44000C3A35 /* Alarm+Convenience.swift in Sources */,
				B585592827CD6FF2000C3A35 /* DataHelper.swift in Sources */,
			);
			runOnlyForDeploymentPostprocessing = 0;
		};
/* End PBXSourcesBuildPhase section */

/* Begin PBXVariantGroup section */
		B58558FF27CD5A25000C3A35 /* Main.storyboard */ = {
			isa = PBXVariantGroup;
			children = (
				B585590027CD5A25000C3A35 /* Base */,
			);
			name = Main.storyboard;
			sourceTree = "<group>";
		};
		B585590427CD5A27000C3A35 /* LaunchScreen.storyboard */ = {
			isa = PBXVariantGroup;
			children = (
				B585590527CD5A27000C3A35 /* Base */,
			);
			name = LaunchScreen.storyboard;
			sourceTree = "<group>";
		};
/* End PBXVariantGroup section */

/* Begin XCBuildConfiguration section */
		B585590827CD5A27000C3A35 /* Debug */ = {
			isa = XCBuildConfiguration;
			buildSettings = {
				ALWAYS_SEARCH_USER_PATHS = NO;
				CLANG_ANALYZER_NONNULL = YES;
				CLANG_ANALYZER_NUMBER_OBJECT_CONVERSION = YES_AGGRESSIVE;
				CLANG_CXX_LANGUAGE_STANDARD = "gnu++17";
				CLANG_CXX_LIBRARY = "libc++";
				CLANG_ENABLE_MODULES = YES;
				CLANG_ENABLE_OBJC_ARC = YES;
				CLANG_ENABLE_OBJC_WEAK = YES;
				CLANG_WARN_BLOCK_CAPTURE_AUTORELEASING = YES;
				CLANG_WARN_BOOL_CONVERSION = YES;
				CLANG_WARN_COMMA = YES;
				CLANG_WARN_CONSTANT_CONVERSION = YES;
				CLANG_WARN_DEPRECATED_OBJC_IMPLEMENTATIONS = YES;
				CLANG_WARN_DIRECT_OBJC_ISA_USAGE = YES_ERROR;
				CLANG_WARN_DOCUMENTATION_COMMENTS = YES;
				CLANG_WARN_EMPTY_BODY = YES;
				CLANG_WARN_ENUM_CONVERSION = YES;
				CLANG_WARN_INFINITE_RECURSION = YES;
				CLANG_WARN_INT_CONVERSION = YES;
				CLANG_WARN_NON_LITERAL_NULL_CONVERSION = YES;
				CLANG_WARN_OBJC_IMPLICIT_RETAIN_SELF = YES;
				CLANG_WARN_OBJC_LITERAL_CONVERSION = YES;
				CLANG_WARN_OBJC_ROOT_CLASS = YES_ERROR;
				CLANG_WARN_QUOTED_INCLUDE_IN_FRAMEWORK_HEADER = YES;
				CLANG_WARN_RANGE_LOOP_ANALYSIS = YES;
				CLANG_WARN_STRICT_PROTOTYPES = YES;
				CLANG_WARN_SUSPICIOUS_MOVE = YES;
				CLANG_WARN_UNGUARDED_AVAILABILITY = YES_AGGRESSIVE;
				CLANG_WARN_UNREACHABLE_CODE = YES;
				CLANG_WARN__DUPLICATE_METHOD_MATCH = YES;
				COPY_PHASE_STRIP = NO;
				DEBUG_INFORMATION_FORMAT = dwarf;
				ENABLE_STRICT_OBJC_MSGSEND = YES;
				ENABLE_TESTABILITY = YES;
				GCC_C_LANGUAGE_STANDARD = gnu11;
				GCC_DYNAMIC_NO_PIC = NO;
				GCC_NO_COMMON_BLOCKS = YES;
				GCC_OPTIMIZATION_LEVEL = 0;
				GCC_PREPROCESSOR_DEFINITIONS = (
					"DEBUG=1",
					"$(inherited)",
				);
				GCC_WARN_64_TO_32_BIT_CONVERSION = YES;
				GCC_WARN_ABOUT_RETURN_TYPE = YES_ERROR;
				GCC_WARN_UNDECLARED_SELECTOR = YES;
				GCC_WARN_UNINITIALIZED_AUTOS = YES_AGGRESSIVE;
				GCC_WARN_UNUSED_FUNCTION = YES;
				GCC_WARN_UNUSED_VARIABLE = YES;
				IPHONEOS_DEPLOYMENT_TARGET = 15.2;
				MTL_ENABLE_DEBUG_INFO = INCLUDE_SOURCE;
				MTL_FAST_MATH = YES;
				ONLY_ACTIVE_ARCH = YES;
				SDKROOT = iphoneos;
				SWIFT_ACTIVE_COMPILATION_CONDITIONS = DEBUG;
				SWIFT_OPTIMIZATION_LEVEL = "-Onone";
			};
			name = Debug;
		};
		B585590927CD5A27000C3A35 /* Release */ = {
			isa = XCBuildConfiguration;
			buildSettings = {
				ALWAYS_SEARCH_USER_PATHS = NO;
				CLANG_ANALYZER_NONNULL = YES;
				CLANG_ANALYZER_NUMBER_OBJECT_CONVERSION = YES_AGGRESSIVE;
				CLANG_CXX_LANGUAGE_STANDARD = "gnu++17";
				CLANG_CXX_LIBRARY = "libc++";
				CLANG_ENABLE_MODULES = YES;
				CLANG_ENABLE_OBJC_ARC = YES;
				CLANG_ENABLE_OBJC_WEAK = YES;
				CLANG_WARN_BLOCK_CAPTURE_AUTORELEASING = YES;
				CLANG_WARN_BOOL_CONVERSION = YES;
				CLANG_WARN_COMMA = YES;
				CLANG_WARN_CONSTANT_CONVERSION = YES;
				CLANG_WARN_DEPRECATED_OBJC_IMPLEMENTATIONS = YES;
				CLANG_WARN_DIRECT_OBJC_ISA_USAGE = YES_ERROR;
				CLANG_WARN_DOCUMENTATION_COMMENTS = YES;
				CLANG_WARN_EMPTY_BODY = YES;
				CLANG_WARN_ENUM_CONVERSION = YES;
				CLANG_WARN_INFINITE_RECURSION = YES;
				CLANG_WARN_INT_CONVERSION = YES;
				CLANG_WARN_NON_LITERAL_NULL_CONVERSION = YES;
				CLANG_WARN_OBJC_IMPLICIT_RETAIN_SELF = YES;
				CLANG_WARN_OBJC_LITERAL_CONVERSION = YES;
				CLANG_WARN_OBJC_ROOT_CLASS = YES_ERROR;
				CLANG_WARN_QUOTED_INCLUDE_IN_FRAMEWORK_HEADER = YES;
				CLANG_WARN_RANGE_LOOP_ANALYSIS = YES;
				CLANG_WARN_STRICT_PROTOTYPES = YES;
				CLANG_WARN_SUSPICIOUS_MOVE = YES;
				CLANG_WARN_UNGUARDED_AVAILABILITY = YES_AGGRESSIVE;
				CLANG_WARN_UNREACHABLE_CODE = YES;
				CLANG_WARN__DUPLICATE_METHOD_MATCH = YES;
				COPY_PHASE_STRIP = NO;
				DEBUG_INFORMATION_FORMAT = "dwarf-with-dsym";
				ENABLE_NS_ASSERTIONS = NO;
				ENABLE_STRICT_OBJC_MSGSEND = YES;
				GCC_C_LANGUAGE_STANDARD = gnu11;
				GCC_NO_COMMON_BLOCKS = YES;
				GCC_WARN_64_TO_32_BIT_CONVERSION = YES;
				GCC_WARN_ABOUT_RETURN_TYPE = YES_ERROR;
				GCC_WARN_UNDECLARED_SELECTOR = YES;
				GCC_WARN_UNINITIALIZED_AUTOS = YES_AGGRESSIVE;
				GCC_WARN_UNUSED_FUNCTION = YES;
				GCC_WARN_UNUSED_VARIABLE = YES;
				IPHONEOS_DEPLOYMENT_TARGET = 15.2;
				MTL_ENABLE_DEBUG_INFO = NO;
				MTL_FAST_MATH = YES;
				SDKROOT = iphoneos;
				SWIFT_COMPILATION_MODE = wholemodule;
				SWIFT_OPTIMIZATION_LEVEL = "-O";
				VALIDATE_PRODUCT = YES;
			};
			name = Release;
		};
		B585590B27CD5A27000C3A35 /* Debug */ = {
			isa = XCBuildConfiguration;
			buildSettings = {
				ASSETCATALOG_COMPILER_APPICON_NAME = AppIcon;
				ASSETCATALOG_COMPILER_GLOBAL_ACCENT_COLOR_NAME = AccentColor;
				CODE_SIGN_STYLE = Automatic;
				CURRENT_PROJECT_VERSION = 1;
				DEVELOPMENT_TEAM = FVZJ4Z5QQ2;
				GENERATE_INFOPLIST_FILE = YES;
				INFOPLIST_FILE = AlarmApp/Resources/Info.plist;
				INFOPLIST_KEY_UIApplicationSupportsIndirectInputEvents = YES;
				INFOPLIST_KEY_UILaunchStoryboardName = LaunchScreen;
				INFOPLIST_KEY_UIMainStoryboardFile = Main;
				INFOPLIST_KEY_UISupportedInterfaceOrientations_iPad = "UIInterfaceOrientationPortrait UIInterfaceOrientationPortraitUpsideDown UIInterfaceOrientationLandscapeLeft UIInterfaceOrientationLandscapeRight";
				INFOPLIST_KEY_UISupportedInterfaceOrientations_iPhone = "UIInterfaceOrientationPortrait UIInterfaceOrientationLandscapeLeft UIInterfaceOrientationLandscapeRight";
				LD_RUNPATH_SEARCH_PATHS = (
					"$(inherited)",
					"@executable_path/Frameworks",
				);
				MARKETING_VERSION = 1.0;
				PRODUCT_BUNDLE_IDENTIFIER = "com-mehdi.AlarmApp";
				PRODUCT_NAME = "$(TARGET_NAME)";
				SWIFT_EMIT_LOC_STRINGS = YES;
				SWIFT_VERSION = 5.0;
				TARGETED_DEVICE_FAMILY = "1,2";
			};
			name = Debug;
		};
		B585590C27CD5A27000C3A35 /* Release */ = {
			isa = XCBuildConfiguration;
			buildSettings = {
				ASSETCATALOG_COMPILER_APPICON_NAME = AppIcon;
				ASSETCATALOG_COMPILER_GLOBAL_ACCENT_COLOR_NAME = AccentColor;
				CODE_SIGN_STYLE = Automatic;
				CURRENT_PROJECT_VERSION = 1;
				DEVELOPMENT_TEAM = FVZJ4Z5QQ2;
				GENERATE_INFOPLIST_FILE = YES;
				INFOPLIST_FILE = AlarmApp/Resources/Info.plist;
				INFOPLIST_KEY_UIApplicationSupportsIndirectInputEvents = YES;
				INFOPLIST_KEY_UILaunchStoryboardName = LaunchScreen;
				INFOPLIST_KEY_UIMainStoryboardFile = Main;
				INFOPLIST_KEY_UISupportedInterfaceOrientations_iPad = "UIInterfaceOrientationPortrait UIInterfaceOrientationPortraitUpsideDown UIInterfaceOrientationLandscapeLeft UIInterfaceOrientationLandscapeRight";
				INFOPLIST_KEY_UISupportedInterfaceOrientations_iPhone = "UIInterfaceOrientationPortrait UIInterfaceOrientationLandscapeLeft UIInterfaceOrientationLandscapeRight";
				LD_RUNPATH_SEARCH_PATHS = (
					"$(inherited)",
					"@executable_path/Frameworks",
				);
				MARKETING_VERSION = 1.0;
				PRODUCT_BUNDLE_IDENTIFIER = "com-mehdi.AlarmApp";
				PRODUCT_NAME = "$(TARGET_NAME)";
				SWIFT_EMIT_LOC_STRINGS = YES;
				SWIFT_VERSION = 5.0;
				TARGETED_DEVICE_FAMILY = "1,2";
			};
			name = Release;
		};
/* End XCBuildConfiguration section */

/* Begin XCConfigurationList section */
		B58558F127CD5A25000C3A35 /* Build configuration list for PBXProject "AlarmApp" */ = {
			isa = XCConfigurationList;
			buildConfigurations = (
				B585590827CD5A27000C3A35 /* Debug */,
				B585590927CD5A27000C3A35 /* Release */,
			);
			defaultConfigurationIsVisible = 0;
			defaultConfigurationName = Release;
		};
		B585590A27CD5A27000C3A35 /* Build configuration list for PBXNativeTarget "AlarmApp" */ = {
			isa = XCConfigurationList;
			buildConfigurations = (
				B585590B27CD5A27000C3A35 /* Debug */,
				B585590C27CD5A27000C3A35 /* Release */,
			);
			defaultConfigurationIsVisible = 0;
			defaultConfigurationName = Release;
		};
/* End XCConfigurationList section */

/* Begin XCVersionGroup section */
		B585591527CD6E1D000C3A35 /* AlarmCoreData.xcdatamodeld */ = {
			isa = XCVersionGroup;
			children = (
				B585591627CD6E1D000C3A35 /* AlarmCoreData.xcdatamodel */,
			);
			currentVersion = B585591627CD6E1D000C3A35 /* AlarmCoreData.xcdatamodel */;
			path = AlarmCoreData.xcdatamodeld;
			sourceTree = "<group>";
			versionGroupType = wrapper.xcdatamodel;
		};
/* End XCVersionGroup section */
	};
	rootObject = B58558EE27CD5A25000C3A35 /* Project object */;
}
